{
    "name": "denoify",
    "version": "0.10.1",
    "lockfileVersion": 1,
    "requires": true,
    "dependencies": {
        "@octokit/auth-token": {
            "version": "2.5.0",
            "resolved": "https://registry.npmjs.org/@octokit/auth-token/-/auth-token-2.5.0.tgz",
            "integrity": "sha512-r5FVUJCOLl19AxiuZD2VRZ/ORjp/4IN98Of6YJoJOkY75CIBuYfmiNHGrDwXr+aLGG55igl9QrxX3hbiXlLb+g==",
            "requires": {
                "@octokit/types": "^6.0.3"
            }
        },
        "@octokit/core": {
            "version": "3.5.1",
            "resolved": "https://registry.npmjs.org/@octokit/core/-/core-3.5.1.tgz",
            "integrity": "sha512-omncwpLVxMP+GLpLPgeGJBF6IWJFjXDS5flY5VbppePYX9XehevbDykRH9PdCdvqt9TS5AOTiDide7h0qrkHjw==",
            "requires": {
                "@octokit/auth-token": "^2.4.4",
                "@octokit/graphql": "^4.5.8",
                "@octokit/request": "^5.6.0",
                "@octokit/request-error": "^2.0.5",
                "@octokit/types": "^6.0.3",
                "before-after-hook": "^2.2.0",
                "universal-user-agent": "^6.0.0"
            }
        },
        "@octokit/endpoint": {
            "version": "6.0.12",
            "resolved": "https://registry.npmjs.org/@octokit/endpoint/-/endpoint-6.0.12.tgz",
            "integrity": "sha512-lF3puPwkQWGfkMClXb4k/eUT/nZKQfxinRWJrdZaJO85Dqwo/G0yOC434Jr2ojwafWJMYqFGFa5ms4jJUgujdA==",
            "requires": {
                "@octokit/types": "^6.0.3",
                "is-plain-object": "^5.0.0",
                "universal-user-agent": "^6.0.0"
            }
        },
        "@octokit/graphql": {
            "version": "4.8.0",
            "resolved": "https://registry.npmjs.org/@octokit/graphql/-/graphql-4.8.0.tgz",
            "integrity": "sha512-0gv+qLSBLKF0z8TKaSKTsS39scVKF9dbMxJpj3U0vC7wjNWFuIpL/z76Qe2fiuCbDRcJSavkXsVtMS6/dtQQsg==",
            "requires": {
                "@octokit/request": "^5.6.0",
                "@octokit/types": "^6.0.3",
                "universal-user-agent": "^6.0.0"
            }
        },
        "@octokit/openapi-types": {
            "version": "10.6.1",
            "resolved": "https://registry.npmjs.org/@octokit/openapi-types/-/openapi-types-10.6.1.tgz",
            "integrity": "sha512-53YKy8w8+sHQhUONhTiYt6MqNqPolejYr6rK/3VOevpORAIYGQEX2pmXnnhgdSsjHy176e5ZBgVt0ppOGziS7g=="
        },
        "@octokit/plugin-paginate-rest": {
            "version": "2.16.5",
            "resolved": "https://registry.npmjs.org/@octokit/plugin-paginate-rest/-/plugin-paginate-rest-2.16.5.tgz",
            "integrity": "sha512-2PfRGymdBypqRes4Xelu0BAZZRCV/Qg0xgo8UB10UKoghCM+zg640+T5WkRsRD0edwfLBPP3VsJgDyDTG4EIYg==",
            "requires": {
                "@octokit/types": "^6.31.0"
            }
        },
        "@octokit/plugin-request-log": {
            "version": "1.0.4",
            "resolved": "https://registry.npmjs.org/@octokit/plugin-request-log/-/plugin-request-log-1.0.4.tgz",
            "integrity": "sha512-mLUsMkgP7K/cnFEw07kWqXGF5LKrOkD+lhCrKvPHXWDywAwuDUeDwWBpc69XK3pNX0uKiVt8g5z96PJ6z9xCFA=="
        },
        "@octokit/plugin-rest-endpoint-methods": {
            "version": "5.11.3",
            "resolved": "https://registry.npmjs.org/@octokit/plugin-rest-endpoint-methods/-/plugin-rest-endpoint-methods-5.11.3.tgz",
            "integrity": "sha512-E19gqHqfP3uJa2/hx6Abhx2NrVP5tsNbst2/AeqGxlGM+eL4N8fRbzhd+NEIsGAB4y3R7e9kVE0y8OOghlXUXw==",
            "requires": {
                "@octokit/types": "^6.31.1",
                "deprecation": "^2.3.1"
            }
        },
        "@octokit/request": {
            "version": "5.6.1",
            "resolved": "https://registry.npmjs.org/@octokit/request/-/request-5.6.1.tgz",
            "integrity": "sha512-Ls2cfs1OfXaOKzkcxnqw5MR6drMA/zWX/LIS/p8Yjdz7QKTPQLMsB3R+OvoxE6XnXeXEE2X7xe4G4l4X0gRiKQ==",
            "requires": {
                "@octokit/endpoint": "^6.0.1",
                "@octokit/request-error": "^2.1.0",
                "@octokit/types": "^6.16.1",
                "is-plain-object": "^5.0.0",
                "node-fetch": "^2.6.1",
                "universal-user-agent": "^6.0.0"
            }
        },
        "@octokit/request-error": {
            "version": "2.1.0",
            "resolved": "https://registry.npmjs.org/@octokit/request-error/-/request-error-2.1.0.tgz",
            "integrity": "sha512-1VIvgXxs9WHSjicsRwq8PlR2LR2x6DwsJAaFgzdi0JfJoGSO8mYI/cHJQ+9FbN21aa+DrgNLnwObmyeSC8Rmpg==",
            "requires": {
                "@octokit/types": "^6.0.3",
                "deprecation": "^2.0.0",
                "once": "^1.4.0"
            }
        },
        "@octokit/rest": {
            "version": "18.11.3",
            "resolved": "https://registry.npmjs.org/@octokit/rest/-/rest-18.11.3.tgz",
            "integrity": "sha512-k4uCg4PVo6r9ncguSD4fXt6pYkM/FXs7759sYfpvIEhGNPJbFROooOJpkagKPAcSPoEGyEbIR+A9KYIv4jNe4A==",
            "requires": {
                "@octokit/core": "^3.5.1",
                "@octokit/plugin-paginate-rest": "^2.16.4",
                "@octokit/plugin-request-log": "^1.0.4",
                "@octokit/plugin-rest-endpoint-methods": "5.11.3"
            }
        },
        "@octokit/types": {
            "version": "6.31.1",
            "resolved": "https://registry.npmjs.org/@octokit/types/-/types-6.31.1.tgz",
            "integrity": "sha512-xkF46eaYcpT8ieO78mZWhMq3bt37zIsP5BUkN+zWgX+mTYDB7jOtUP1MOxcSF8hhJhsjjlB1YDgQAhX0z0oqPw==",
            "requires": {
                "@octokit/openapi-types": "^10.6.1"
            }
        },
        "@types/comment-json": {
            "version": "1.1.1",
            "resolved": "https://registry.npmjs.org/@types/comment-json/-/comment-json-1.1.1.tgz",
            "integrity": "sha512-U70oEqvnkeSSp8BIJwJclERtT13rd9ejK7XkIzMCQQePZe3VW1b7iQggXyW4ZvfGtGeXD0pZw24q5iWNe++HqQ=="
        },
        "@types/glob": {
            "version": "7.1.4",
            "resolved": "https://registry.npmjs.org/@types/glob/-/glob-7.1.4.tgz",
            "integrity": "sha512-w+LsMxKyYQm347Otw+IfBXOv9UWVjpHpCDdbBMt8Kz/xbvCYNjP+0qPh91Km3iKfSRLBB0P7fAMf0KHrPu+MyA==",
            "dev": true,
            "requires": {
                "@types/minimatch": "*",
                "@types/node": "*"
            }
        },
        "@types/js-yaml": {
            "version": "3.12.7",
            "resolved": "https://registry.npmjs.org/@types/js-yaml/-/js-yaml-3.12.7.tgz",
            "integrity": "sha512-S6+8JAYTE1qdsc9HMVsfY7+SgSuUU/Tp6TYTmITW0PZxiyIMvol3Gy//y69Wkhs0ti4py5qgR3uZH6uz/DNzJQ==",
            "dev": true
        },
        "@types/minimatch": {
            "version": "3.0.5",
            "resolved": "https://registry.npmjs.org/@types/minimatch/-/minimatch-3.0.5.tgz",
            "integrity": "sha512-Klz949h02Gz2uZCMGwDUSDS1YBlTdDDgbWHi+81l29tQALUtvz4rAYi5uoVhE5Lagoq6DeqAUlbrHvW/mXDgdQ==",
            "dev": true
        },
        "@types/node": {
            "version": "10.17.60",
            "resolved": "https://registry.npmjs.org/@types/node/-/node-10.17.60.tgz",
            "integrity": "sha512-F0KIgDJfy2nA3zMLmWGKxcH2ZVEtCZXHHdOQs2gSaQ27+lNeEfGxzkIw90aXswATX7AZ33tahPbzy6KAfUreVw==",
            "dev": true
        },
        "@types/node-fetch": {
            "version": "2.5.12",
            "resolved": "https://registry.npmjs.org/@types/node-fetch/-/node-fetch-2.5.12.tgz",
            "integrity": "sha512-MKgC4dlq4kKNa/mYrwpKfzQMB5X3ee5U6fSprkKpToBqBmX4nFZL9cW5jl6sWn+xpRJ7ypWh2yyqqr8UUCstSw==",
            "dev": true,
            "requires": {
                "@types/node": "*",
                "form-data": "^3.0.0"
            }
        },
        "@types/url-join": {
            "version": "4.0.1",
            "resolved": "https://registry.npmjs.org/@types/url-join/-/url-join-4.0.1.tgz",
            "integrity": "sha512-wDXw9LEEUHyV+7UWy7U315nrJGJ7p1BzaCxDpEoLr789Dk1WDVMMlf3iBfbG2F8NdWnYyFbtTxUn2ZNbm1Q4LQ==",
            "dev": true
        },
        "argparse": {
            "version": "1.0.10",
            "resolved": "https://registry.npmjs.org/argparse/-/argparse-1.0.10.tgz",
            "integrity": "sha512-o5Roy6tNG4SL/FOkCAN6RzjiakZS25RLYFrcMttJqbdd8BWrnA+fGz57iN5Pb06pvBGvl5gQ0B48dJlslXvoTg==",
            "dev": true,
            "requires": {
                "sprintf-js": "~1.0.2"
            }
        },
        "asynckit": {
            "version": "0.4.0",
            "resolved": "https://registry.npmjs.org/asynckit/-/asynckit-0.4.0.tgz",
            "integrity": "sha1-x57Zf380y48robyXkLzDZkdLS3k=",
            "dev": true
        },
        "balanced-match": {
            "version": "1.0.2",
            "resolved": "https://registry.npmjs.org/balanced-match/-/balanced-match-1.0.2.tgz",
            "integrity": "sha512-3oSeUO0TMV67hN1AmbXsK4yaqU7tjiHlbxRDZOpH0KW9+CeX4bRAaX0Anxt0tx2MrpRpWwQaPwIlISEJhYU5Pw=="
        },
        "before-after-hook": {
            "version": "2.2.2",
            "resolved": "https://registry.npmjs.org/before-after-hook/-/before-after-hook-2.2.2.tgz",
            "integrity": "sha512-3pZEU3NT5BFUo/AD5ERPWOgQOCZITni6iavr5AUw5AUwQjMlI0kzu5btnyD39AF0gUEsDPwJT+oY1ORBJijPjQ=="
        },
        "brace-expansion": {
            "version": "1.1.11",
            "resolved": "https://registry.npmjs.org/brace-expansion/-/brace-expansion-1.1.11.tgz",
            "integrity": "sha512-iCuPHDFgrHX7H2vEI/5xpz07zSHB00TpugqhmYtVmMO6518mCuRMoOYFldEBl0g187ufozdaHgWKcYFb61qGiA==",
            "requires": {
                "balanced-match": "^1.0.0",
                "concat-map": "0.0.1"
            }
        },
        "combined-stream": {
            "version": "1.0.8",
            "resolved": "https://registry.npmjs.org/combined-stream/-/combined-stream-1.0.8.tgz",
            "integrity": "sha512-FQN4MRfuJeHf7cBbBMJFXhKSDq+2kAArBlmRBvcvFE5BB1HZKXtSFASDhdlz9zOYwxh8lDdnvmMOe/+5cdoEdg==",
            "dev": true,
            "requires": {
                "delayed-stream": "~1.0.0"
            }
        },
        "commander": {
            "version": "4.1.1",
            "resolved": "https://registry.npmjs.org/commander/-/commander-4.1.1.tgz",
            "integrity": "sha512-NOKm8xhkzAjzFx8B2v5OAHT+u5pRQc2UCa2Vq9jYL/31o2wi9mxBA7LIFs3sV5VSC49z6pEhfbMULvShKj26WA=="
        },
        "comment-json": {
            "version": "3.0.3",
            "resolved": "https://registry.npmjs.org/comment-json/-/comment-json-3.0.3.tgz",
            "integrity": "sha512-P7XwYkC3qjIK45EAa9c5Y3lR7SMXhJqwFdWg3niAIAcbk3zlpKDdajV8Hyz/Y3sGNn3l+YNMl8A2N/OubSArHg==",
            "requires": {
                "core-util-is": "^1.0.2",
                "esprima": "^4.0.1",
                "has-own-prop": "^2.0.0",
                "repeat-string": "^1.6.1"
            }
        },
        "concat-map": {
            "version": "0.0.1",
            "resolved": "https://registry.npmjs.org/concat-map/-/concat-map-0.0.1.tgz",
            "integrity": "sha1-2Klr13/Wjfd5OnMDajug1UBdR3s="
        },
        "core-util-is": {
            "version": "1.0.3",
            "resolved": "https://registry.npmjs.org/core-util-is/-/core-util-is-1.0.3.tgz",
            "integrity": "sha512-ZQBvi1DcpJ4GDqanjucZ2Hj3wEO5pZDS89BWbkcrvdxksJorwUDDZamX9ldFkp9aw2lmBDLgkObEA4DWNJ9FYQ=="
        },
        "delayed-stream": {
            "version": "1.0.0",
            "resolved": "https://registry.npmjs.org/delayed-stream/-/delayed-stream-1.0.0.tgz",
            "integrity": "sha1-3zrhmayt+31ECqrgsp4icrJOxhk=",
            "dev": true
        },
        "deprecation": {
            "version": "2.3.1",
            "resolved": "https://registry.npmjs.org/deprecation/-/deprecation-2.3.1.tgz",
            "integrity": "sha512-xmHIy4F3scKVwMsQ4WnVaS8bHOx0DmVwRywosKhaILI0ywMDWPtBSku2HNxRvF7jtwDRsoEwYQSfbxj8b7RlJQ=="
        },
        "esprima": {
            "version": "4.0.1",
            "resolved": "https://registry.npmjs.org/esprima/-/esprima-4.0.1.tgz",
            "integrity": "sha512-eGuFFw7Upda+g4p+QHvnW0RyTX/SVeJBDM/gCtMARO0cLuT2HcEKnTPvhjV6aGeqrCB/sbNop0Kszm0jsaWU4A=="
        },
        "evt": {
            "version": "2.0.0-beta.38",
            "resolved": "https://registry.npmjs.org/evt/-/evt-2.0.0-beta.38.tgz",
            "integrity": "sha512-b35iBAVlDHVHOqgWzjSBJZu3C0GRZ/2cIHfNFuMSWwLT/WJO2n/4x7hg6BpaNJlSRywBAtf8KcU1GUyVfEhVIA==",
            "requires": {
                "minimal-polyfills": "^2.2.1",
                "run-exclusive": "^2.2.14",
                "tsafe": "^0.4.1"
            },
            "dependencies": {
                "tsafe": {
                    "version": "0.4.1",
                    "resolved": "https://registry.npmjs.org/tsafe/-/tsafe-0.4.1.tgz",
                    "integrity": "sha512-+OZ0gdgmwcru+MOSheCx+ymAvQz+1/ui+KFJRuaq0t2m8RNrlf7eSzEieptoPQXPY67Mdkqgkdjknn8azoD5sw=="
                }
            }
        },
        "form-data": {
            "version": "3.0.1",
            "resolved": "https://registry.npmjs.org/form-data/-/form-data-3.0.1.tgz",
            "integrity": "sha512-RHkBKtLWUVwd7SqRIvCZMEvAMoGUp0XU+seQiZejj0COz3RI3hWP4sCv3gZWWLjJTd7rGwcsF5eKZGii0r/hbg==",
            "dev": true,
            "requires": {
                "asynckit": "^0.4.0",
                "combined-stream": "^1.0.8",
                "mime-types": "^2.1.12"
            }
        },
        "fs.realpath": {
            "version": "1.0.0",
            "resolved": "https://registry.npmjs.org/fs.realpath/-/fs.realpath-1.0.0.tgz",
            "integrity": "sha1-FQStJSMVjKpA20onh8sBQRmU6k8="
        },
        "get-github-default-branch-name": {
            "version": "0.0.4",
            "resolved": "https://registry.npmjs.org/get-github-default-branch-name/-/get-github-default-branch-name-0.0.4.tgz",
            "integrity": "sha512-ltOGC9Jk0k8boe48Gk7SkJErwxt7MhwXtbNrBUyNCZcwcXSmGRdkKb2u0YO250PGvPsUtdqRjg7lVuIk1VtpCg==",
            "requires": {
                "@octokit/rest": "^18.0.0",
                "scripting-tools": "^0.19.12"
            }
        },
        "gitignore-parser": {
            "version": "0.0.2",
            "resolved": "https://registry.npmjs.org/gitignore-parser/-/gitignore-parser-0.0.2.tgz",
            "integrity": "sha1-9hJZuYXdkUFLmnFo+u+RccLuxd8="
        },
        "glob": {
            "version": "7.2.0",
            "resolved": "https://registry.npmjs.org/glob/-/glob-7.2.0.tgz",
            "integrity": "sha512-lmLf6gtyrPq8tTjSmrO94wBeQbFR3HbLHbuyD69wuyQkImp2hWqMGB47OX65FBkPffO641IP9jWa1z4ivqG26Q==",
            "requires": {
                "fs.realpath": "^1.0.0",
                "inflight": "^1.0.4",
                "inherits": "2",
                "minimatch": "^3.0.4",
                "once": "^1.3.0",
                "path-is-absolute": "^1.0.0"
            }
        },
        "has-own-prop": {
            "version": "2.0.0",
            "resolved": "https://registry.npmjs.org/has-own-prop/-/has-own-prop-2.0.0.tgz",
            "integrity": "sha512-Pq0h+hvsVm6dDEa8x82GnLSYHOzNDt7f0ddFa3FqcQlgzEiptPqL+XrOJNavjOzSYiYWIrgeVYYgGlLmnxwilQ=="
        },
        "inflight": {
            "version": "1.0.6",
            "resolved": "https://registry.npmjs.org/inflight/-/inflight-1.0.6.tgz",
            "integrity": "sha1-Sb1jMdfQLQwJvJEKEHW6gWW1bfk=",
            "requires": {
                "once": "^1.3.0",
                "wrappy": "1"
            }
        },
        "inherits": {
            "version": "2.0.4",
            "resolved": "https://registry.npmjs.org/inherits/-/inherits-2.0.4.tgz",
            "integrity": "sha512-k/vGaX4/Yla3WzyMCvTQOXYeIHvqOKtnqBduzTHpzpQZzAskKMhZ2K+EnBiSM9zGSoIFeMpXKxa4dYeZIQqewQ=="
        },
        "is-plain-object": {
            "version": "5.0.0",
            "resolved": "https://registry.npmjs.org/is-plain-object/-/is-plain-object-5.0.0.tgz",
            "integrity": "sha512-VRSzKkbMm5jMDoKLbltAkFQ5Qr7VDiTFGXxYFXXowVj387GeGNOCsOH6Msy00SGZ3Fp84b1Naa1psqgcCIEP5Q=="
        },
        "js-yaml": {
            "version": "3.14.1",
            "resolved": "https://registry.npmjs.org/js-yaml/-/js-yaml-3.14.1.tgz",
            "integrity": "sha512-okMH7OXXJ7YrN9Ok3/SXrnu4iX9yOk+25nqX4imS2npuvTYDmo/QEZoqwZkYaIDk3jVvBOTOIEgEhaLOynBS9g==",
            "dev": true,
            "requires": {
                "argparse": "^1.0.7",
                "esprima": "^4.0.0"
            }
        },
        "mime-db": {
            "version": "1.49.0",
            "resolved": "https://registry.npmjs.org/mime-db/-/mime-db-1.49.0.tgz",
            "integrity": "sha512-CIc8j9URtOVApSFCQIF+VBkX1RwXp/oMMOrqdyXSBXq5RWNEsRfyj1kiRnQgmNXmHxPoFIxOroKA3zcU9P+nAA==",
            "dev": true
        },
        "mime-types": {
            "version": "2.1.32",
            "resolved": "https://registry.npmjs.org/mime-types/-/mime-types-2.1.32.tgz",
            "integrity": "sha512-hJGaVS4G4c9TSMYh2n6SQAGrC4RnfU+daP8G7cSCmaqNjiOoUY0VHCMS42pxnQmVF1GWwFhbHWn3RIxCqTmZ9A==",
            "dev": true,
            "requires": {
                "mime-db": "1.49.0"
            }
        },
        "minimal-polyfills": {
            "version": "2.2.1",
            "resolved": "https://registry.npmjs.org/minimal-polyfills/-/minimal-polyfills-2.2.1.tgz",
            "integrity": "sha512-WLmHQrsZob4rVYf8yHapZPNJZ3sspGa/sN8abuSD59b0FifDEE7HMfLUi24z7mPZqTpBXy4Svp+iGvAmclCmXg=="
        },
        "minimatch": {
            "version": "3.0.4",
            "resolved": "https://registry.npmjs.org/minimatch/-/minimatch-3.0.4.tgz",
            "integrity": "sha512-yJHVQEhyqPLUTgt9B83PXu6W3rx4MvvHvSUvToogpwoGDOUQ+yDrR0HRot+yOCdCO7u4hX3pWft6kWBBcqh0UA==",
            "requires": {
                "brace-expansion": "^1.1.7"
            }
        },
        "node-fetch": {
            "version": "2.6.5",
            "resolved": "https://registry.npmjs.org/node-fetch/-/node-fetch-2.6.5.tgz",
            "integrity": "sha512-mmlIVHJEu5rnIxgEgez6b9GgWXbkZj5YZ7fx+2r94a2E+Uirsp6HsPTPlomfdHtpt/B0cdKviwkoaM6pyvUOpQ==",
            "requires": {
                "whatwg-url": "^5.0.0"
            }
        },
        "once": {
            "version": "1.4.0",
            "resolved": "https://registry.npmjs.org/once/-/once-1.4.0.tgz",
            "integrity": "sha1-WDsap3WWHUsROsF9nFC6753Xa9E=",
            "requires": {
                "wrappy": "1"
            }
        },
        "path-depth": {
            "version": "1.0.0",
            "resolved": "https://registry.npmjs.org/path-depth/-/path-depth-1.0.0.tgz",
            "integrity": "sha512-dEiwdXAQyLvOi6ktLqhFhjVelJiVsdp2xBX3BaUtYCCkMRZTwUiq7cha+A0myvAVXRHbXfjhfTf4mNoAWzm2iA=="
        },
        "path-is-absolute": {
            "version": "1.0.1",
            "resolved": "https://registry.npmjs.org/path-is-absolute/-/path-is-absolute-1.0.1.tgz",
            "integrity": "sha1-F0uSaHNVNP+8es5r9TpanhtcX18="
        },
        "repeat-string": {
            "version": "1.6.1",
            "resolved": "https://registry.npmjs.org/repeat-string/-/repeat-string-1.6.1.tgz",
            "integrity": "sha1-jcrkcOHIirwtYA//Sndihtp15jc="
        },
        "run-exclusive": {
            "version": "2.2.14",
            "resolved": "https://registry.npmjs.org/run-exclusive/-/run-exclusive-2.2.14.tgz",
            "integrity": "sha512-NHaQfB3zPJFx7p4M06AcmoK8xz/h8YDMCdy3jxfyoC9VqIbl1U+DiVjUuAYZBRMwvj5qkQnOUGfsmyUC4k46dg==",
            "requires": {
                "minimal-polyfills": "^2.1.5"
            }
        },
        "scripting-tools": {
            "version": "0.19.13",
            "resolved": "https://registry.npmjs.org/scripting-tools/-/scripting-tools-0.19.13.tgz",
            "integrity": "sha512-d09H8vzSVa8p4XUTJqHZDbjKDyl5TG3SyPfNPUUkfyOwjwykStmfK8AXyWq7VRWjcgzTpkTiJ9uMk1NytMQY7w=="
        },
        "sprintf-js": {
            "version": "1.0.3",
            "resolved": "https://registry.npmjs.org/sprintf-js/-/sprintf-js-1.0.3.tgz",
            "integrity": "sha1-BOaSb2YolTVPPdAVIDYzuFcpfiw=",
            "dev": true
        },
        "tr46": {
            "version": "0.0.3",
            "resolved": "https://registry.npmjs.org/tr46/-/tr46-0.0.3.tgz",
            "integrity": "sha1-gYT9NH2snNwYWZLzpmIuFLnZq2o="
        },
        "tsafe": {
            "version": "0.8.0",
            "resolved": "https://registry.npmjs.org/tsafe/-/tsafe-0.8.0.tgz",
            "integrity": "sha512-4KR/vJaNuh52b5Em7nJAcqJZ07jJfT+gUfbkrHc5wk9VpKdk3uMl7H3dkoddzC/NAuixXogPP0XGNTmFnmUIUA=="
        },
        "typescript": {
            "version": "3.9.10",
            "resolved": "https://registry.npmjs.org/typescript/-/typescript-3.9.10.tgz",
            "integrity": "sha512-w6fIxVE/H1PkLKcCPsFqKE7Kv7QUwhU8qQY2MueZXWx5cPZdwFupLgKK3vntcK98BtNHZtAF4LA/yl2a7k8R6Q==",
            "dev": true
        },
        "universal-user-agent": {
            "version": "6.0.0",
            "resolved": "https://registry.npmjs.org/universal-user-agent/-/universal-user-agent-6.0.0.tgz",
            "integrity": "sha512-isyNax3wXoKaulPDZWHQqbmIx1k2tb9fb3GGDBRxCscfYV2Ch7WxPArBsFEG8s/safwXTT7H4QGhaIkTp9447w=="
        },
        "url-join": {
            "version": "4.0.1",
            "resolved": "https://registry.npmjs.org/url-join/-/url-join-4.0.1.tgz",
            "integrity": "sha512-jk1+QP6ZJqyOiuEI9AEWQfju/nB2Pw466kbA0LEZljHwKeMgd9WrAEgEGxjPDD2+TNbbb37rTyhEfrCXfuKXnA=="
        },
        "webidl-conversions": {
            "version": "3.0.1",
            "resolved": "https://registry.npmjs.org/webidl-conversions/-/webidl-conversions-3.0.1.tgz",
            "integrity": "sha1-JFNCdeKnvGvnvIZhHMFq4KVlSHE="
        },
        "whatwg-url": {
            "version": "5.0.0",
            "resolved": "https://registry.npmjs.org/whatwg-url/-/whatwg-url-5.0.0.tgz",
            "integrity": "sha1-lmRU6HZUYuN2RNNib2dCzotwll0=",
            "requires": {
                "tr46": "~0.0.3",
                "webidl-conversions": "^3.0.0"
            }
        },
        "wrappy": {
            "version": "1.0.2",
            "resolved": "https://registry.npmjs.org/wrappy/-/wrappy-1.0.2.tgz",
            "integrity": "sha1-tSQ9jz7BqjXxNkYFvA0QNuMKtp8="
        }
    }
}
