{
    "name": "my-module",
    "requires": true,
    "lockfileVersion": 1,
    "dependencies": {
        "@types/js-yaml": {
            "version": "3.12.3",
            "resolved": "https://registry.npmjs.org/@types/js-yaml/-/js-yaml-3.12.3.tgz",
            "integrity": "sha512-otRe77JNNWzoVGLKw8TCspKswRoQToys4tuL6XYVBFxjgeM0RUrx7m3jkaTdxILxeGry3zM8mGYkGXMeQ02guA==",
            "dev": true
        },
        "argparse": {
            "version": "1.0.10",
            "resolved": "https://registry.npmjs.org/argparse/-/argparse-1.0.10.tgz",
            "integrity": "sha512-o5Roy6tNG4SL/FOkCAN6RzjiakZS25RLYFrcMttJqbdd8BWrnA+fGz57iN5Pb06pvBGvl5gQ0B48dJlslXvoTg==",
            "requires": {
                "sprintf-js": "~1.0.2"
            }
        },
        "denoify": {
            "version": "file:../..",
            "dev": true,
            "requires": {
                "commander": "^4.1.1",
                "node-fetch": "^2.6.0",
                "scripting-tools": "github:garronej/scripting-tools",
                "url-join": "^4.0.1"
            },
            "dependencies": {
                "@types/js-yaml": {
                    "version": "3.12.3",
                    "bundled": true
                },
                "@types/node": {
                    "version": "8.10.60",
                    "bundled": true
                },
                "@types/node-fetch": {
                    "version": "2.5.6",
                    "bundled": true,
                    "requires": {
                        "@types/node": "*",
                        "form-data": "^3.0.0"
                    }
                },
                "@types/url-join": {
                    "version": "4.0.0",
                    "bundled": true
                },
                "argparse": {
                    "version": "1.0.10",
                    "bundled": true,
                    "requires": {
                        "sprintf-js": "~1.0.2"
                    }
                },
                "asynckit": {
                    "version": "0.4.0",
                    "bundled": true
                },
                "combined-stream": {
                    "version": "1.0.8",
                    "bundled": true,
                    "requires": {
                        "delayed-stream": "~1.0.0"
                    }
                },
                "commander": {
                    "version": "4.1.1",
                    "bundled": true,
                    "dev": true
                },
                "delayed-stream": {
                    "version": "1.0.0",
                    "bundled": true
                },
                "esprima": {
                    "version": "4.0.1",
                    "bundled": true
                },
                "form-data": {
                    "version": "3.0.0",
                    "bundled": true,
                    "requires": {
                        "asynckit": "^0.4.0",
                        "combined-stream": "^1.0.8",
                        "mime-types": "^2.1.12"
                    }
                },
                "js-yaml": {
                    "version": "3.13.1",
                    "bundled": true,
                    "requires": {
                        "argparse": "^1.0.7",
                        "esprima": "^4.0.0"
                    }
                },
                "mime-db": {
                    "version": "1.43.0",
                    "bundled": true
                },
                "mime-types": {
                    "version": "2.1.26",
                    "bundled": true,
                    "requires": {
                        "mime-db": "1.43.0"
                    }
                },
                "node-fetch": {
                    "version": "2.6.0",
                    "bundled": true,
                    "dev": true
                },
                "scripting-tools": {
                    "version": "0.19.9",
                    "from": "github:garronej/scripting-tools",
                    "bundled": true,
                    "dev": true
                },
                "sprintf-js": {
                    "version": "1.0.3",
                    "bundled": true
                },
                "typescript": {
                    "version": "3.8.3",
                    "bundled": true
                },
                "url-join": {
                    "version": "4.0.1",
                    "bundled": true,
                    "dev": true
                }
            }
        },
        "esprima": {
            "version": "4.0.1",
            "resolved": "https://registry.npmjs.org/esprima/-/esprima-4.0.1.tgz",
            "integrity": "sha512-eGuFFw7Upda+g4p+QHvnW0RyTX/SVeJBDM/gCtMARO0cLuT2HcEKnTPvhjV6aGeqrCB/sbNop0Kszm0jsaWU4A=="
        },
        "js-yaml": {
            "version": "3.13.1",
            "resolved": "https://registry.npmjs.org/js-yaml/-/js-yaml-3.13.1.tgz",
            "integrity": "sha512-YfbcO7jXDdyj0DGxYVSlSeQNHbD7XPWvrVWeVUujrQEoZzWJIRrCPoyk6kL6IAjAG2IolMK4T0hNUe0HOUs5Jw==",
            "requires": {
                "argparse": "^1.0.7",
                "esprima": "^4.0.0"
            }
        },
        "minimal-polyfills": {
            "version": "1.0.5",
            "resolved": "https://registry.npmjs.org/minimal-polyfills/-/minimal-polyfills-1.0.5.tgz",
            "integrity": "sha512-EfxcN8LTeEB4C5oL6U/FEtiFoBIJUa9ymCzW0Q4OJgZIsJ5rvsCTZuUA4hHrPy724mekVGWJjg84/LGUDhw4Bg=="
        },
        "run-exclusive": {
            "version": "github:garronej/test-denoify-run-exclusive#9f4161a429628f0b962ddd42970dc996ba4fecde",
            "from": "github:garronej/test-denoify-run-exclusive",
            "requires": {
                "minimal-polyfills": "^1.0.3"
            }
        },
        "sprintf-js": {
            "version": "1.0.3",
            "resolved": "https://registry.npmjs.org/sprintf-js/-/sprintf-js-1.0.3.tgz",
            "integrity": "sha1-BOaSb2YolTVPPdAVIDYzuFcpfiw="
        },
        "ts-md5": {
            "version": "1.2.7",
            "resolved": "https://registry.npmjs.org/ts-md5/-/ts-md5-1.2.7.tgz",
            "integrity": "sha512-emODogvKGWi1KO1l9c6YxLMBn6CEH3VrH5mVPIyOtxBG52BvV4jP3GWz6bOZCz61nLgBc3ffQYE4+EHfCD+V7w==",
            "dev": true
        },
        "typescript": {
            "version": "3.8.3",
            "resolved": "https://registry.npmjs.org/typescript/-/typescript-3.8.3.tgz",
            "integrity": "sha512-MYlEfn5VrLNsgudQTVJeNaQFUAI7DkhnOjdpAp4T+ku1TfQClewlbSuTVHiA+8skNBgaf02TL/kLOvig4y3G8w==",
            "dev": true
        }
    }
}
