{
    "name": "my-module",
    "requires": true,
    "lockfileVersion": 1,
    "dependencies": {
        "denoify": {
            "version": "file:../..",
            "dev": true,
            "requires": {
                "commander": "^4.1.1",
                "node-fetch": "^2.6.0",
                "scripting-tools": "github:garronej/scripting-tools"
            },
            "dependencies": {
                "@types/node": {
                    "version": "8.10.59",
                    "bundled": true
                },
                "@types/node-fetch": {
                    "version": "2.5.6",
                    "bundled": true,
                    "requires": {
                        "@types/node": "*",
                        "form-data": "^3.0.0"
                    }
                },
                "asynckit": {
                    "version": "0.4.0",
                    "bundled": true
                },
                "combined-stream": {
                    "version": "1.0.8",
                    "bundled": true,
                    "requires": {
                        "delayed-stream": "~1.0.0"
                    }
                },
                "commander": {
                    "version": "4.1.1",
                    "bundled": true,
                    "dev": true
                },
                "delayed-stream": {
                    "version": "1.0.0",
                    "bundled": true
                },
                "form-data": {
                    "version": "3.0.0",
                    "bundled": true,
                    "requires": {
                        "asynckit": "^0.4.0",
                        "combined-stream": "^1.0.8",
                        "mime-types": "^2.1.12"
                    }
                },
                "mime-db": {
                    "version": "1.43.0",
                    "bundled": true
                },
                "mime-types": {
                    "version": "2.1.26",
                    "bundled": true,
                    "requires": {
                        "mime-db": "1.43.0"
                    }
                },
                "node-fetch": {
                    "version": "2.6.0",
                    "bundled": true,
                    "dev": true
                },
                "scripting-tools": {
                    "version": "0.19.9",
                    "from": "github:garronej/scripting-tools",
                    "bundled": true,
                    "dev": true
                },
                "typescript": {
                    "version": "3.8.3",
                    "bundled": true
                }
            }
        },
        "events": {
            "version": "3.1.0",
            "resolved": "https://registry.npmjs.org/events/-/events-3.1.0.tgz",
            "integrity": "sha512-Rv+u8MLHNOdMjTAFeT3nCjHn2aGlx435FP/sDHNaRhDEMwyI/aB22Kj2qIN8R0cw3z28psEQLYwxVKLsKrMgWg=="
        },
        "minimal-polyfills": {
            "version": "1.0.4",
            "resolved": "https://registry.npmjs.org/minimal-polyfills/-/minimal-polyfills-1.0.4.tgz",
            "integrity": "sha512-Thj4M1y+sTzGcnLhJ9jfwLLLaXr+OPhUFL4nS6UN5KIygjRUAp6XVmzo3QyvusioW2h07E6Xd+ry8cEyEohsqA=="
        },
        "run-exclusive": {
            "version": "github:garronej/test-denoify-run-exclusive#780628cfeb763de7ce9df02412e90cd8b83a7c90",
            "from": "github:garronej/test-denoify-run-exclusive",
            "requires": {
                "minimal-polyfills": "^1.0.3"
            }
        },
        "ts-md5": {
            "version": "1.2.7",
            "resolved": "https://registry.npmjs.org/ts-md5/-/ts-md5-1.2.7.tgz",
            "integrity": "sha512-emODogvKGWi1KO1l9c6YxLMBn6CEH3VrH5mVPIyOtxBG52BvV4jP3GWz6bOZCz61nLgBc3ffQYE4+EHfCD+V7w==",
            "dev": true
        },
        "typescript": {
            "version": "3.8.3",
            "resolved": "https://registry.npmjs.org/typescript/-/typescript-3.8.3.tgz",
            "integrity": "sha512-MYlEfn5VrLNsgudQTVJeNaQFUAI7DkhnOjdpAp4T+ku1TfQClewlbSuTVHiA+8skNBgaf02TL/kLOvig4y3G8w==",
            "dev": true
        }
    }
}
